
Microsoft Visual Studio Solution File, Format Version 12.00
# Visual Studio Version 17
VisualStudioVersion = 17.2.32630.192
MinimumVisualStudioVersion = 10.0.40219.1
Project("{FAE04EC0-301F-11D3-BF4B-00C04F79EFBC}") = "RazorPizzeria", "RazorPizzeria\RazorPizzeria.csproj", "{763B23A0-22A7-4C83-B029-A647B3A31836}"
EndProject
Global
	GlobalSection(SolutionConfigurationPlatforms) = preSolution
		Debug|Any CPU = Debug|Any CPU
		Release|Any CPU = Release|Any CPU
	EndGlobalSection
	GlobalSection(ProjectConfigurationPlatforms) = postSolution
		{763B23A0-22A7-4C83-B029-A647B3A31836}.Debug|Any CPU.ActiveCfg = Debug|Any CPU
		{763B23A0-22A7-4C83-B029-A647B3A31836}.Debug|Any CPU.Build.0 = Debug|Any CPU
		{763B23A0-22A7-4C83-B029-A647B3A31836}.Release|Any CPU.ActiveCfg = Release|Any CPU
		{763B23A0-22A7-4C83-B029-A647B3A31836}.Release|Any CPU.Build.0 = Release|Any CPU
	EndGlobalSection
	GlobalSection(SolutionProperties) = preSolution
		HideSolutionNode = FALSE
	EndGlobalSection
	GlobalSection(ExtensibilityGlobals) = postSolution
		SolutionGuid = {83CF5C22-032E-428A-ABD8-E2C1A566702D}
	EndGlobalSection
EndGlobal
